
Microsoft Visual Studio Solution File, Format Version 12.00
# Visual Studio Version 17
VisualStudioVersion = 17.12.35527.113
MinimumVisualStudioVersion = 10.0.40219.1
Project("{FAE04EC0-301F-11D3-BF4B-00C04F79EFBC}") = "BookStore.Core", "BookStore.Core\BookStore.Core.csproj", "{3AE13F15-880E-42A3-BDAB-BB400981C122}"
EndProject
Project("{FAE04EC0-301F-11D3-BF4B-00C04F79EFBC}") = "BookStore.App", "BookStore.App\BookStore.App.csproj", "{A02D25FF-C0E7-4F05-9EB5-13E75BD05412}"
EndProject
Project("{FAE04EC0-301F-11D3-BF4B-00C04F79EFBC}") = "BookStore.Infrastructure", "BookStore.Infrastructure\BookStore.Infrastructure.csproj", "{48C2CC0D-A25A-4BA2-9A8E-493FC87FAABF}"
EndProject
Project("{FAE04EC0-301F-11D3-BF4B-00C04F79EFBC}") = "BookStore.WebAPI", "BookStore.WebAPI\BookStore.WebAPI.csproj", "{FB12D7B6-03A8-4C01-8122-3593B000FCBA}"
EndProject
Project("{FAE04EC0-301F-11D3-BF4B-00C04F79EFBC}") = "BookStore.Tests", "BookStore.Tests\BookStore.Tests.csproj", "{922FBEC7-C8B6-4E8B-A31F-1AC55C3462A5}"
EndProject
Project("{FAE04EC0-301F-11D3-BF4B-00C04F79EFBC}") = "BookStore.Services", "BookStore.Services\BookStore.Services.csproj", "{EAC7E085-369C-4B72-90EA-50ADCA45FA4F}"
EndProject
Global
	GlobalSection(SolutionConfigurationPlatforms) = preSolution
		Debug|Any CPU = Debug|Any CPU
		Release|Any CPU = Release|Any CPU
	EndGlobalSection
	GlobalSection(ProjectConfigurationPlatforms) = postSolution
		{3AE13F15-880E-42A3-BDAB-BB400981C122}.Debug|Any CPU.ActiveCfg = Debug|Any CPU
		{3AE13F15-880E-42A3-BDAB-BB400981C122}.Debug|Any CPU.Build.0 = Debug|Any CPU
		{3AE13F15-880E-42A3-BDAB-BB400981C122}.Release|Any CPU.ActiveCfg = Release|Any CPU
		{3AE13F15-880E-42A3-BDAB-BB400981C122}.Release|Any CPU.Build.0 = Release|Any CPU
		{A02D25FF-C0E7-4F05-9EB5-13E75BD05412}.Debug|Any CPU.ActiveCfg = Debug|Any CPU
		{A02D25FF-C0E7-4F05-9EB5-13E75BD05412}.Debug|Any CPU.Build.0 = Debug|Any CPU
		{A02D25FF-C0E7-4F05-9EB5-13E75BD05412}.Release|Any CPU.ActiveCfg = Release|Any CPU
		{A02D25FF-C0E7-4F05-9EB5-13E75BD05412}.Release|Any CPU.Build.0 = Release|Any CPU
		{48C2CC0D-A25A-4BA2-9A8E-493FC87FAABF}.Debug|Any CPU.ActiveCfg = Debug|Any CPU
		{48C2CC0D-A25A-4BA2-9A8E-493FC87FAABF}.Debug|Any CPU.Build.0 = Debug|Any CPU
		{48C2CC0D-A25A-4BA2-9A8E-493FC87FAABF}.Release|Any CPU.ActiveCfg = Release|Any CPU
		{48C2CC0D-A25A-4BA2-9A8E-493FC87FAABF}.Release|Any CPU.Build.0 = Release|Any CPU
		{FB12D7B6-03A8-4C01-8122-3593B000FCBA}.Debug|Any CPU.ActiveCfg = Debug|Any CPU
		{FB12D7B6-03A8-4C01-8122-3593B000FCBA}.Debug|Any CPU.Build.0 = Debug|Any CPU
		{FB12D7B6-03A8-4C01-8122-3593B000FCBA}.Release|Any CPU.ActiveCfg = Release|Any CPU
		{FB12D7B6-03A8-4C01-8122-3593B000FCBA}.Release|Any CPU.Build.0 = Release|Any CPU
		{922FBEC7-C8B6-4E8B-A31F-1AC55C3462A5}.Debug|Any CPU.ActiveCfg = Debug|Any CPU
		{922FBEC7-C8B6-4E8B-A31F-1AC55C3462A5}.Debug|Any CPU.Build.0 = Debug|Any CPU
		{922FBEC7-C8B6-4E8B-A31F-1AC55C3462A5}.Release|Any CPU.ActiveCfg = Release|Any CPU
		{922FBEC7-C8B6-4E8B-A31F-1AC55C3462A5}.Release|Any CPU.Build.0 = Release|Any CPU
		{EAC7E085-369C-4B72-90EA-50ADCA45FA4F}.Debug|Any CPU.ActiveCfg = Debug|Any CPU
		{EAC7E085-369C-4B72-90EA-50ADCA45FA4F}.Debug|Any CPU.Build.0 = Debug|Any CPU
		{EAC7E085-369C-4B72-90EA-50ADCA45FA4F}.Release|Any CPU.ActiveCfg = Release|Any CPU
		{EAC7E085-369C-4B72-90EA-50ADCA45FA4F}.Release|Any CPU.Build.0 = Release|Any CPU
	EndGlobalSection
	GlobalSection(SolutionProperties) = preSolution
		HideSolutionNode = FALSE
	EndGlobalSection
EndGlobal
